
Microsoft Visual Studio Solution File, Format Version 12.00
# Visual Studio Version 17
VisualStudioVersion = 17.3.32825.248
MinimumVisualStudioVersion = 10.0.40219.1
Project("{FAE04EC0-301F-11D3-BF4B-00C04F79EFBC}") = "HeuristickiAlgoritmiProba", "HeuristickiAlgoritmiProba\HeuristickiAlgoritmiProba.csproj", "{410198C8-EA7D-43D5-8E2D-2E368CF71498}"
EndProject
Global
	GlobalSection(SolutionConfigurationPlatforms) = preSolution
		Debug|Any CPU = Debug|Any CPU
		Release|Any CPU = Release|Any CPU
	EndGlobalSection
	GlobalSection(ProjectConfigurationPlatforms) = postSolution
		{410198C8-EA7D-43D5-8E2D-2E368CF71498}.Debug|Any CPU.ActiveCfg = Debug|Any CPU
		{410198C8-EA7D-43D5-8E2D-2E368CF71498}.Debug|Any CPU.Build.0 = Debug|Any CPU
		{410198C8-EA7D-43D5-8E2D-2E368CF71498}.Release|Any CPU.ActiveCfg = Release|Any CPU
		{410198C8-EA7D-43D5-8E2D-2E368CF71498}.Release|Any CPU.Build.0 = Release|Any CPU
	EndGlobalSection
	GlobalSection(SolutionProperties) = preSolution
		HideSolutionNode = FALSE
	EndGlobalSection
	GlobalSection(ExtensibilityGlobals) = postSolution
		SolutionGuid = {D9783ECC-6CFF-475D-B774-50C523DB18DF}
	EndGlobalSection
EndGlobal
